
Microsoft Visual Studio Solution File, Format Version 12.00
# Visual Studio 2012
Project("{F2A71F9B-5D33-465A-A702-920D77279786}") = "Compressor", "Compressor.fsproj", "{66205C43-6B56-4FDF-BF1A-2ADFD16A1A4E}"
EndProject
Global
	GlobalSection(SolutionConfigurationPlatforms) = preSolution
		Debug|Any CPU = Debug|Any CPU
		Release|Any CPU = Release|Any CPU
	EndGlobalSection
	GlobalSection(ProjectConfigurationPlatforms) = postSolution
		{66205C43-6B56-4FDF-BF1A-2ADFD16A1A4E}.Debug|Any CPU.ActiveCfg = Debug|Any CPU
		{66205C43-6B56-4FDF-BF1A-2ADFD16A1A4E}.Debug|Any CPU.Build.0 = Debug|Any CPU
		{66205C43-6B56-4FDF-BF1A-2ADFD16A1A4E}.Release|Any CPU.ActiveCfg = Release|Any CPU
		{66205C43-6B56-4FDF-BF1A-2ADFD16A1A4E}.Release|Any CPU.Build.0 = Release|Any CPU
	EndGlobalSection
	GlobalSection(SolutionProperties) = preSolution
		HideSolutionNode = FALSE
	EndGlobalSection
EndGlobal
